
Microsoft Visual Studio Solution File, Format Version 12.00
# Visual Studio Version 17
VisualStudioVersion = 17.5.33516.290
MinimumVisualStudioVersion = 10.0.40219.1
Project("{FAE04EC0-301F-11D3-BF4B-00C04F79EFBC}") = "library_app", "library_app\library_app.csproj", "{FD597F21-D600-4C05-B02C-5B69B3890C2A}"
EndProject
Global
	GlobalSection(SolutionConfigurationPlatforms) = preSolution
		Debug|Any CPU = Debug|Any CPU
		Release|Any CPU = Release|Any CPU
	EndGlobalSection
	GlobalSection(ProjectConfigurationPlatforms) = postSolution
		{FD597F21-D600-4C05-B02C-5B69B3890C2A}.Debug|Any CPU.ActiveCfg = Debug|Any CPU
		{FD597F21-D600-4C05-B02C-5B69B3890C2A}.Debug|Any CPU.Build.0 = Debug|Any CPU
		{FD597F21-D600-4C05-B02C-5B69B3890C2A}.Release|Any CPU.ActiveCfg = Release|Any CPU
		{FD597F21-D600-4C05-B02C-5B69B3890C2A}.Release|Any CPU.Build.0 = Release|Any CPU
	EndGlobalSection
	GlobalSection(SolutionProperties) = preSolution
		HideSolutionNode = FALSE
	EndGlobalSection
	GlobalSection(ExtensibilityGlobals) = postSolution
		SolutionGuid = {AE0C76EC-4835-47F8-9F3C-B517A34BB962}
	EndGlobalSection
EndGlobal
